// !$*UTF8*$!
{
	archiveVersion = 1;
	classes = {
	};
	objectVersion = 46;
	objects = {

/* Begin PBXBuildFile section */
		18FB3B7C1C80507000017D1E /* AppDelegate.swift in Sources */ = {isa = PBXBuildFile; fileRef = 18FB3B7B1C80507000017D1E /* AppDelegate.swift */; };
		18FB3B7E1C80507000017D1E /* ViewController.swift in Sources */ = {isa = PBXBuildFile; fileRef = 18FB3B7D1C80507000017D1E /* ViewController.swift */; };
		18FB3B811C80507000017D1E /* Main.storyboard in Resources */ = {isa = PBXBuildFile; fileRef = 18FB3B7F1C80507000017D1E /* Main.storyboard */; };
		18FB3B831C80507000017D1E /* Assets.xcassets in Resources */ = {isa = PBXBuildFile; fileRef = 18FB3B821C80507000017D1E /* Assets.xcassets */; };
		18FB3B861C80507000017D1E /* LaunchScreen.storyboard in Resources */ = {isa = PBXBuildFile; fileRef = 18FB3B841C80507000017D1E /* LaunchScreen.storyboard */; };
		18FB3B8E1C80AA4F00017D1E /* CustomLocationManager.swift in Sources */ = {isa = PBXBuildFile; fileRef = 18FB3B8D1C80AA4F00017D1E /* CustomLocationManager.swift */; };
		5BCCA1AEA41CB729B2364CE8 /* Pods_gob_swift_eval.framework in Frameworks */ = {isa = PBXBuildFile; fileRef = 33466DFB792FCFD184F0AF86 /* Pods_gob_swift_eval.framework */; };
		66E417181CA182A2004A9ADD /* Pedometer.swift in Sources */ = {isa = PBXBuildFile; fileRef = 66E417171CA182A2004A9ADD /* Pedometer.swift */; };
/* End PBXBuildFile section */

/* Begin PBXFileReference section */
		020F646642408C20C04A15DA /* Pods-gob-swift-eval.debug.xcconfig */ = {isa = PBXFileReference; includeInIndex = 1; lastKnownFileType = text.xcconfig; name = "Pods-gob-swift-eval.debug.xcconfig"; path = "Pods/Target Support Files/Pods-gob-swift-eval/Pods-gob-swift-eval.debug.xcconfig"; sourceTree = "<group>"; };
		18FB3B781C80507000017D1E /* gob-swift-eval.app */ = {isa = PBXFileReference; explicitFileType = wrapper.application; includeInIndex = 0; path = "gob-swift-eval.app"; sourceTree = BUILT_PRODUCTS_DIR; };
		18FB3B7B1C80507000017D1E /* AppDelegate.swift */ = {isa = PBXFileReference; lastKnownFileType = sourcecode.swift; path = AppDelegate.swift; sourceTree = "<group>"; };
		18FB3B7D1C80507000017D1E /* ViewController.swift */ = {isa = PBXFileReference; lastKnownFileType = sourcecode.swift; path = ViewController.swift; sourceTree = "<group>"; };
		18FB3B801C80507000017D1E /* Base */ = {isa = PBXFileReference; lastKnownFileType = file.storyboard; name = Base; path = Base.lproj/Main.storyboard; sourceTree = "<group>"; };
		18FB3B821C80507000017D1E /* Assets.xcassets */ = {isa = PBXFileReference; lastKnownFileType = folder.assetcatalog; path = Assets.xcassets; sourceTree = "<group>"; };
		18FB3B851C80507000017D1E /* Base */ = {isa = PBXFileReference; lastKnownFileType = file.storyboard; name = Base; path = Base.lproj/LaunchScreen.storyboard; sourceTree = "<group>"; };
		18FB3B871C80507000017D1E /* Info.plist */ = {isa = PBXFileReference; lastKnownFileType = text.plist.xml; path = Info.plist; sourceTree = "<group>"; };
		18FB3B8D1C80AA4F00017D1E /* CustomLocationManager.swift */ = {isa = PBXFileReference; fileEncoding = 4; lastKnownFileType = sourcecode.swift; path = CustomLocationManager.swift; sourceTree = "<group>"; };
		33466DFB792FCFD184F0AF86 /* Pods_gob_swift_eval.framework */ = {isa = PBXFileReference; explicitFileType = wrapper.framework; includeInIndex = 0; path = Pods_gob_swift_eval.framework; sourceTree = BUILT_PRODUCTS_DIR; };
		4DA556D84E7BB8D20F9DFCE8 /* Pods-gob-swift-eval.release.xcconfig */ = {isa = PBXFileReference; includeInIndex = 1; lastKnownFileType = text.xcconfig; name = "Pods-gob-swift-eval.release.xcconfig"; path = "Pods/Target Support Files/Pods-gob-swift-eval/Pods-gob-swift-eval.release.xcconfig"; sourceTree = "<group>"; };
		66E417171CA182A2004A9ADD /* Pedometer.swift */ = {isa = PBXFileReference; fileEncoding = 4; lastKnownFileType = sourcecode.swift; path = Pedometer.swift; sourceTree = "<group>"; };
/* End PBXFileReference section */

/* Begin PBXFrameworksBuildPhase section */
		18FB3B751C80507000017D1E /* Frameworks */ = {
			isa = PBXFrameworksBuildPhase;
			buildActionMask = 2147483647;
			files = (
				5BCCA1AEA41CB729B2364CE8 /* Pods_gob_swift_eval.framework in Frameworks */,
			);
			runOnlyForDeploymentPostprocessing = 0;
		};
/* End PBXFrameworksBuildPhase section */

/* Begin PBXGroup section */
		18FB3B6F1C80507000017D1E = {
			isa = PBXGroup;
			children = (
				18FB3B7A1C80507000017D1E /* gob-swift-eval */,
				18FB3B791C80507000017D1E /* Products */,
				3F48164754CBC0ABA354BB66 /* Pods */,
				8BBB3109841A3F3F081BC244 /* Frameworks */,
			);
			sourceTree = "<group>";
		};
		18FB3B791C80507000017D1E /* Products */ = {
			isa = PBXGroup;
			children = (
				18FB3B781C80507000017D1E /* gob-swift-eval.app */,
			);
			name = Products;
			sourceTree = "<group>";
		};
		18FB3B7A1C80507000017D1E /* gob-swift-eval */ = {
			isa = PBXGroup;
			children = (
				18FB3B7B1C80507000017D1E /* AppDelegate.swift */,
				18FB3B7D1C80507000017D1E /* ViewController.swift */,
				18FB3B8D1C80AA4F00017D1E /* CustomLocationManager.swift */,
				18FB3B7F1C80507000017D1E /* Main.storyboard */,
				18FB3B821C80507000017D1E /* Assets.xcassets */,
				18FB3B841C80507000017D1E /* LaunchScreen.storyboard */,
				18FB3B871C80507000017D1E /* Info.plist */,
				66E417171CA182A2004A9ADD /* Pedometer.swift */,
			);
			path = "gob-swift-eval";
			sourceTree = "<group>";
		};
		3F48164754CBC0ABA354BB66 /* Pods */ = {
			isa = PBXGroup;
			children = (
				020F646642408C20C04A15DA /* Pods-gob-swift-eval.debug.xcconfig */,
				4DA556D84E7BB8D20F9DFCE8 /* Pods-gob-swift-eval.release.xcconfig */,
			);
			name = Pods;
			sourceTree = "<group>";
		};
		8BBB3109841A3F3F081BC244 /* Frameworks */ = {
			isa = PBXGroup;
			children = (
				33466DFB792FCFD184F0AF86 /* Pods_gob_swift_eval.framework */,
			);
			name = Frameworks;
			sourceTree = "<group>";
		};
/* End PBXGroup section */

/* Begin PBXNativeTarget section */
		18FB3B771C80507000017D1E /* gob-swift-eval */ = {
			isa = PBXNativeTarget;
			buildConfigurationList = 18FB3B8A1C80507000017D1E /* Build configuration list for PBXNativeTarget "gob-swift-eval" */;
			buildPhases = (
				BCDF05C25977B539D3C5BBEE /* Check Pods Manifest.lock */,
				18FB3B741C80507000017D1E /* Sources */,
				18FB3B751C80507000017D1E /* Frameworks */,
				18FB3B761C80507000017D1E /* Resources */,
				8CABE267DBF9038BF98026EE /* Embed Pods Frameworks */,
				B5BB3DAE5A2C8A1C0DD5F400 /* Copy Pods Resources */,
			);
			buildRules = (
			);
			dependencies = (
			);
			name = "gob-swift-eval";
			productName = "gob-swift-eval";
			productReference = 18FB3B781C80507000017D1E /* gob-swift-eval.app */;
			productType = "com.apple.product-type.application";
		};
/* End PBXNativeTarget section */

/* Begin PBXProject section */
		18FB3B701C80507000017D1E /* Project object */ = {
			isa = PBXProject;
			attributes = {
				LastSwiftUpdateCheck = 0720;
				LastUpgradeCheck = 0720;
				ORGANIZATIONNAME = "Etienne De Ladonchamps";
				TargetAttributes = {
					18FB3B771C80507000017D1E = {
						CreatedOnToolsVersion = 7.2.1;
						DevelopmentTeam = U953397FRU;
					};
				};
			};
			buildConfigurationList = 18FB3B731C80507000017D1E /* Build configuration list for PBXProject "gob-swift-eval" */;
			compatibilityVersion = "Xcode 3.2";
			developmentRegion = English;
			hasScannedForEncodings = 0;
			knownRegions = (
				en,
				Base,
			);
			mainGroup = 18FB3B6F1C80507000017D1E;
			productRefGroup = 18FB3B791C80507000017D1E /* Products */;
			projectDirPath = "";
			projectRoot = "";
			targets = (
				18FB3B771C80507000017D1E /* gob-swift-eval */,
			);
		};
/* End PBXProject section */

/* Begin PBXResourcesBuildPhase section */
		18FB3B761C80507000017D1E /* Resources */ = {
			isa = PBXResourcesBuildPhase;
			buildActionMask = 2147483647;
			files = (
				18FB3B861C80507000017D1E /* LaunchScreen.storyboard in Resources */,
				18FB3B831C80507000017D1E /* Assets.xcassets in Resources */,
				18FB3B811C80507000017D1E /* Main.storyboard in Resources */,
			);
			runOnlyForDeploymentPostprocessing = 0;
		};
/* End PBXResourcesBuildPhase section */

/* Begin PBXShellScriptBuildPhase section */
		8CABE267DBF9038BF98026EE /* Embed Pods Frameworks */ = {
			isa = PBXShellScriptBuildPhase;
			buildActionMask = 2147483647;
			files = (
			);
			inputPaths = (
			);
			name = "Embed Pods Frameworks";
			outputPaths = (
			);
			runOnlyForDeploymentPostprocessing = 0;
			shellPath = /bin/sh;
			shellScript = "\"${SRCROOT}/Pods/Target Support Files/Pods-gob-swift-eval/Pods-gob-swift-eval-frameworks.sh\"\n";
			showEnvVarsInLog = 0;
		};
		B5BB3DAE5A2C8A1C0DD5F400 /* Copy Pods Resources */ = {
			isa = PBXShellScriptBuildPhase;
			buildActionMask = 2147483647;
			files = (
			);
			inputPaths = (
			);
			name = "Copy Pods Resources";
			outputPaths = (
			);
			runOnlyForDeploymentPostprocessing = 0;
			shellPath = /bin/sh;
			shellScript = "\"${SRCROOT}/Pods/Target Support Files/Pods-gob-swift-eval/Pods-gob-swift-eval-resources.sh\"\n";
			showEnvVarsInLog = 0;
		};
		BCDF05C25977B539D3C5BBEE /* Check Pods Manifest.lock */ = {
			isa = PBXShellScriptBuildPhase;
			buildActionMask = 2147483647;
			files = (
			);
			inputPaths = (
			);
			name = "Check Pods Manifest.lock";
			outputPaths = (
			);
			runOnlyForDeploymentPostprocessing = 0;
			shellPath = /bin/sh;
			shellScript = "diff \"${PODS_ROOT}/../Podfile.lock\" \"${PODS_ROOT}/Manifest.lock\" > /dev/null\nif [[ $? != 0 ]] ; then\n    cat << EOM\nerror: The sandbox is not in sync with the Podfile.lock. Run 'pod install' or update your CocoaPods installation.\nEOM\n    exit 1\nfi\n";
			showEnvVarsInLog = 0;
		};
/* End PBXShellScriptBuildPhase section */

/* Begin PBXSourcesBuildPhase section */
		18FB3B741C80507000017D1E /* Sources */ = {
			isa = PBXSourcesBuildPhase;
			buildActionMask = 2147483647;
			files = (
				66E417181CA182A2004A9ADD /* Pedometer.swift in Sources */,
				18FB3B7E1C80507000017D1E /* ViewController.swift in Sources */,
				18FB3B8E1C80AA4F00017D1E /* CustomLocationManager.swift in Sources */,
				18FB3B7C1C80507000017D1E /* AppDelegate.swift in Sources */,
			);
			runOnlyForDeploymentPostprocessing = 0;
		};
/* End PBXSourcesBuildPhase section */

/* Begin PBXVariantGroup section */
		18FB3B7F1C80507000017D1E /* Main.storyboard */ = {
			isa = PBXVariantGroup;
			children = (
				18FB3B801C80507000017D1E /* Base */,
			);
			name = Main.storyboard;
			sourceTree = "<group>";
		};
		18FB3B841C80507000017D1E /* LaunchScreen.storyboard */ = {
			isa = PBXVariantGroup;
			children = (
				18FB3B851C80507000017D1E /* Base */,
			);
			name = LaunchScreen.storyboard;
			sourceTree = "<group>";
		};
/* End PBXVariantGroup section */

/* Begin XCBuildConfiguration section */
		18FB3B881C80507000017D1E /* Debug */ = {
			isa = XCBuildConfiguration;
			buildSettings = {
				ALWAYS_SEARCH_USER_PATHS = NO;
				CLANG_CXX_LANGUAGE_STANDARD = "gnu++0x";
				CLANG_CXX_LIBRARY = "libc++";
				CLANG_ENABLE_MODULES = YES;
				CLANG_ENABLE_OBJC_ARC = YES;
				CLANG_WARN_BOOL_CONVERSION = YES;
				CLANG_WARN_CONSTANT_CONVERSION = YES;
				CLANG_WARN_DIRECT_OBJC_ISA_USAGE = YES_ERROR;
				CLANG_WARN_EMPTY_BODY = YES;
				CLANG_WARN_ENUM_CONVERSION = YES;
				CLANG_WARN_INT_CONVERSION = YES;
				CLANG_WARN_OBJC_ROOT_CLASS = YES_ERROR;
				CLANG_WARN_UNREACHABLE_CODE = YES;
				CLANG_WARN__DUPLICATE_METHOD_MATCH = YES;
				"CODE_SIGN_IDENTITY[sdk=iphoneos*]" = "iPhone Developer";
				COPY_PHASE_STRIP = NO;
				DEBUG_INFORMATION_FORMAT = dwarf;
				ENABLE_STRICT_OBJC_MSGSEND = YES;
				ENABLE_TESTABILITY = YES;
				GCC_C_LANGUAGE_STANDARD = gnu99;
				GCC_DYNAMIC_NO_PIC = NO;
				GCC_NO_COMMON_BLOCKS = YES;
				GCC_OPTIMIZATION_LEVEL = 0;
				GCC_PREPROCESSOR_DEFINITIONS = (
					"DEBUG=1",
					"$(inherited)",
				);
				GCC_WARN_64_TO_32_BIT_CONVERSION = YES;
				GCC_WARN_ABOUT_RETURN_TYPE = YES_ERROR;
				GCC_WARN_UNDECLARED_SELECTOR = YES;
				GCC_WARN_UNINITIALIZED_AUTOS = YES_AGGRESSIVE;
				GCC_WARN_UNUSED_FUNCTION = YES;
				GCC_WARN_UNUSED_VARIABLE = YES;
				IPHONEOS_DEPLOYMENT_TARGET = 9.2;
				MTL_ENABLE_DEBUG_INFO = YES;
				ONLY_ACTIVE_ARCH = YES;
				SDKROOT = iphoneos;
				SWIFT_OPTIMIZATION_LEVEL = "-Onone";
			};
			name = Debug;
		};
		18FB3B891C80507000017D1E /* Release */ = {
			isa = XCBuildConfiguration;
			buildSettings = {
				ALWAYS_SEARCH_USER_PATHS = NO;
				CLANG_CXX_LANGUAGE_STANDARD = "gnu++0x";
				CLANG_CXX_LIBRARY = "libc++";
				CLANG_ENABLE_MODULES = YES;
				CLANG_ENABLE_OBJC_ARC = YES;
				CLANG_WARN_BOOL_CONVERSION = YES;
				CLANG_WARN_CONSTANT_CONVERSION = YES;
				CLANG_WARN_DIRECT_OBJC_ISA_USAGE = YES_ERROR;
				CLANG_WARN_EMPTY_BODY = YES;
				CLANG_WARN_ENUM_CONVERSION = YES;
				CLANG_WARN_INT_CONVERSION = YES;
				CLANG_WARN_OBJC_ROOT_CLASS = YES_ERROR;
				CLANG_WARN_UNREACHABLE_CODE = YES;
				CLANG_WARN__DUPLICATE_METHOD_MATCH = YES;
				"CODE_SIGN_IDENTITY[sdk=iphoneos*]" = "iPhone Developer";
				COPY_PHASE_STRIP = NO;
				DEBUG_INFORMATION_FORMAT = "dwarf-with-dsym";
				ENABLE_NS_ASSERTIONS = NO;
				ENABLE_STRICT_OBJC_MSGSEND = YES;
				GCC_C_LANGUAGE_STANDARD = gnu99;
				GCC_NO_COMMON_BLOCKS = YES;
				GCC_WARN_64_TO_32_BIT_CONVERSION = YES;
				GCC_WARN_ABOUT_RETURN_TYPE = YES_ERROR;
				GCC_WARN_UNDECLARED_SELECTOR = YES;
				GCC_WARN_UNINITIALIZED_AUTOS = YES_AGGRESSIVE;
				GCC_WARN_UNUSED_FUNCTION = YES;
				GCC_WARN_UNUSED_VARIABLE = YES;
				IPHONEOS_DEPLOYMENT_TARGET = 9.2;
				MTL_ENABLE_DEBUG_INFO = NO;
				SDKROOT = iphoneos;
				VALIDATE_PRODUCT = YES;
			};
			name = Release;
		};
		18FB3B8B1C80507000017D1E /* Debug */ = {
			isa = XCBuildConfiguration;
			baseConfigurationReference = 020F646642408C20C04A15DA /* Pods-gob-swift-eval.debug.xcconfig */;
			buildSettings = {
				ASSETCATALOG_COMPILER_APPICON_NAME = AppIcon;
				INFOPLIST_FILE = "gob-swift-eval/Info.plist";
				LD_RUNPATH_SEARCH_PATHS = "$(inherited) @executable_path/Frameworks";
				PRODUCT_BUNDLE_IDENTIFIER = "com.deladonchamps.gob-swift-eval";
				PRODUCT_NAME = "$(TARGET_NAME)";
			};
			name = Debug;
		};
		18FB3B8C1C80507000017D1E /* Release */ = {
			isa = XCBuildConfiguration;
			baseConfigurationReference = 4DA556D84E7BB8D20F9DFCE8 /* Pods-gob-swift-eval.release.xcconfig */;
			buildSettings = {
				ASSETCATALOG_COMPILER_APPICON_NAME = AppIcon;
				INFOPLIST_FILE = "gob-swift-eval/Info.plist";
				LD_RUNPATH_SEARCH_PATHS = "$(inherited) @executable_path/Frameworks";
				PRODUCT_BUNDLE_IDENTIFIER = "com.deladonchamps.gob-swift-eval";
				PRODUCT_NAME = "$(TARGET_NAME)";
			};
			name = Release;
		};
/* End XCBuildConfiguration section */

/* Begin XCConfigurationList section */
		18FB3B731C80507000017D1E /* Build configuration list for PBXProject "gob-swift-eval" */ = {
			isa = XCConfigurationList;
			buildConfigurations = (
				18FB3B881C80507000017D1E /* Debug */,
				18FB3B891C80507000017D1E /* Release */,
			);
			defaultConfigurationIsVisible = 0;
			defaultConfigurationName = Release;
		};
		18FB3B8A1C80507000017D1E /* Build configuration list for PBXNativeTarget "gob-swift-eval" */ = {
			isa = XCConfigurationList;
			buildConfigurations = (
				18FB3B8B1C80507000017D1E /* Debug */,
				18FB3B8C1C80507000017D1E /* Release */,
			);
			defaultConfigurationIsVisible = 0;
			defaultConfigurationName = Release;
		};
/* End XCConfigurationList section */
	};
	rootObject = 18FB3B701C80507000017D1E /* Project object */;
}
