// !$*UTF8*$!
{
	archiveVersion = 1;
	classes = {
	};
	objectVersion = 46;
	objects = {

/* Begin PBXBuildFile section */
		183CCD391CA35E0B00FB171D /* SocketIOClientSwift.framework in Frameworks */ = {isa = PBXBuildFile; fileRef = 183CCD381CA35E0B00FB171D /* SocketIOClientSwift.framework */; };
		183CCD3A1CA35E0B00FB171D /* SocketIOClientSwift.framework in Embed Frameworks */ = {isa = PBXBuildFile; fileRef = 183CCD381CA35E0B00FB171D /* SocketIOClientSwift.framework */; settings = {ATTRIBUTES = (CodeSignOnCopy, RemoveHeadersOnCopy, ); }; };
		183CCD3D1CA3F4BB00FB171D /* SocketSingleton.swift in Sources */ = {isa = PBXBuildFile; fileRef = 183CCD3C1CA3F4BB00FB171D /* SocketSingleton.swift */; };
		18FB3B7C1C80507000017D1E /* AppDelegate.swift in Sources */ = {isa = PBXBuildFile; fileRef = 18FB3B7B1C80507000017D1E /* AppDelegate.swift */; };
		18FB3B7E1C80507000017D1E /* ViewController.swift in Sources */ = {isa = PBXBuildFile; fileRef = 18FB3B7D1C80507000017D1E /* ViewController.swift */; };
		18FB3B811C80507000017D1E /* Main.storyboard in Resources */ = {isa = PBXBuildFile; fileRef = 18FB3B7F1C80507000017D1E /* Main.storyboard */; };
		18FB3B831C80507000017D1E /* Assets.xcassets in Resources */ = {isa = PBXBuildFile; fileRef = 18FB3B821C80507000017D1E /* Assets.xcassets */; };
		18FB3B861C80507000017D1E /* LaunchScreen.storyboard in Resources */ = {isa = PBXBuildFile; fileRef = 18FB3B841C80507000017D1E /* LaunchScreen.storyboard */; };
		18FB3B8E1C80AA4F00017D1E /* CustomLocationManager.swift in Sources */ = {isa = PBXBuildFile; fileRef = 18FB3B8D1C80AA4F00017D1E /* CustomLocationManager.swift */; };
		66A1617B1CEB38B60003C038 /* LoginController.swift in Sources */ = {isa = PBXBuildFile; fileRef = 66A1617A1CEB38B60003C038 /* LoginController.swift */; };
		66A1617D1CEB3DAC0003C038 /* loginBackground.png in Resources */ = {isa = PBXBuildFile; fileRef = 66A1617C1CEB3DAC0003C038 /* loginBackground.png */; };
		66E417181CA182A2004A9ADD /* Pedometer.swift in Sources */ = {isa = PBXBuildFile; fileRef = 66E417171CA182A2004A9ADD /* Pedometer.swift */; };
/* End PBXBuildFile section */

/* Begin PBXCopyFilesBuildPhase section */
		183CCD3B1CA35E0B00FB171D /* Embed Frameworks */ = {
			isa = PBXCopyFilesBuildPhase;
			buildActionMask = 2147483647;
			dstPath = "";
			dstSubfolderSpec = 10;
			files = (
				183CCD3A1CA35E0B00FB171D /* SocketIOClientSwift.framework in Embed Frameworks */,
			);
			name = "Embed Frameworks";
			runOnlyForDeploymentPostprocessing = 0;
		};
/* End PBXCopyFilesBuildPhase section */

/* Begin PBXFileReference section */
		183CCD381CA35E0B00FB171D /* SocketIOClientSwift.framework */ = {isa = PBXFileReference; lastKnownFileType = wrapper.framework; name = SocketIOClientSwift.framework; path = Carthage/Build/iOS/SocketIOClientSwift.framework; sourceTree = "<group>"; };
		183CCD3C1CA3F4BB00FB171D /* SocketSingleton.swift */ = {isa = PBXFileReference; fileEncoding = 4; lastKnownFileType = sourcecode.swift; path = SocketSingleton.swift; sourceTree = "<group>"; };
		18FB3B781C80507000017D1E /* RemoteControl.app */ = {isa = PBXFileReference; explicitFileType = wrapper.application; includeInIndex = 0; path = RemoteControl.app; sourceTree = BUILT_PRODUCTS_DIR; };
		18FB3B7B1C80507000017D1E /* AppDelegate.swift */ = {isa = PBXFileReference; lastKnownFileType = sourcecode.swift; path = AppDelegate.swift; sourceTree = "<group>"; };
		18FB3B7D1C80507000017D1E /* ViewController.swift */ = {isa = PBXFileReference; lastKnownFileType = sourcecode.swift; path = ViewController.swift; sourceTree = "<group>"; };
		18FB3B801C80507000017D1E /* Base */ = {isa = PBXFileReference; lastKnownFileType = file.storyboard; name = Base; path = Base.lproj/Main.storyboard; sourceTree = "<group>"; };
		18FB3B821C80507000017D1E /* Assets.xcassets */ = {isa = PBXFileReference; lastKnownFileType = folder.assetcatalog; path = Assets.xcassets; sourceTree = "<group>"; };
		18FB3B851C80507000017D1E /* Base */ = {isa = PBXFileReference; lastKnownFileType = file.storyboard; name = Base; path = Base.lproj/LaunchScreen.storyboard; sourceTree = "<group>"; };
		18FB3B871C80507000017D1E /* Info.plist */ = {isa = PBXFileReference; lastKnownFileType = text.plist.xml; path = Info.plist; sourceTree = "<group>"; };
		18FB3B8D1C80AA4F00017D1E /* CustomLocationManager.swift */ = {isa = PBXFileReference; fileEncoding = 4; lastKnownFileType = sourcecode.swift; path = CustomLocationManager.swift; sourceTree = "<group>"; };
		66A1617A1CEB38B60003C038 /* LoginController.swift */ = {isa = PBXFileReference; fileEncoding = 4; lastKnownFileType = sourcecode.swift; path = LoginController.swift; sourceTree = "<group>"; };
		66A1617C1CEB3DAC0003C038 /* loginBackground.png */ = {isa = PBXFileReference; lastKnownFileType = image.png; path = loginBackground.png; sourceTree = "<group>"; };
		66E417171CA182A2004A9ADD /* Pedometer.swift */ = {isa = PBXFileReference; fileEncoding = 4; lastKnownFileType = sourcecode.swift; path = Pedometer.swift; sourceTree = "<group>"; };
/* End PBXFileReference section */

/* Begin PBXFrameworksBuildPhase section */
		18FB3B751C80507000017D1E /* Frameworks */ = {
			isa = PBXFrameworksBuildPhase;
			buildActionMask = 2147483647;
			files = (
				183CCD391CA35E0B00FB171D /* SocketIOClientSwift.framework in Frameworks */,
			);
			runOnlyForDeploymentPostprocessing = 0;
		};
/* End PBXFrameworksBuildPhase section */

/* Begin PBXGroup section */
		18FB3B6F1C80507000017D1E = {
			isa = PBXGroup;
			children = (
				183CCD381CA35E0B00FB171D /* SocketIOClientSwift.framework */,
				18FB3B7A1C80507000017D1E /* gob-swift-eval */,
				18FB3B791C80507000017D1E /* Products */,
			);
			sourceTree = "<group>";
		};
		18FB3B791C80507000017D1E /* Products */ = {
			isa = PBXGroup;
			children = (
				18FB3B781C80507000017D1E /* RemoteControl.app */,
			);
			name = Products;
			sourceTree = "<group>";
		};
		18FB3B7A1C80507000017D1E /* gob-swift-eval */ = {
			isa = PBXGroup;
			children = (
				66A161791CEB38810003C038 /* assets */,
				18FB3B7B1C80507000017D1E /* AppDelegate.swift */,
				18FB3B7D1C80507000017D1E /* ViewController.swift */,
				183CCD3C1CA3F4BB00FB171D /* SocketSingleton.swift */,
				18FB3B8D1C80AA4F00017D1E /* CustomLocationManager.swift */,
				18FB3B7F1C80507000017D1E /* Main.storyboard */,
				18FB3B821C80507000017D1E /* Assets.xcassets */,
				18FB3B841C80507000017D1E /* LaunchScreen.storyboard */,
				18FB3B871C80507000017D1E /* Info.plist */,
				66E417171CA182A2004A9ADD /* Pedometer.swift */,
				66A1617A1CEB38B60003C038 /* LoginController.swift */,
			);
			path = "gob-swift-eval";
			sourceTree = "<group>";
		};
		66A161791CEB38810003C038 /* assets */ = {
			isa = PBXGroup;
			children = (
				66A1617C1CEB3DAC0003C038 /* loginBackground.png */,
			);
			name = assets;
			sourceTree = "<group>";
		};
/* End PBXGroup section */

/* Begin PBXNativeTarget section */
		18FB3B771C80507000017D1E /* RemoteControl */ = {
			isa = PBXNativeTarget;
			buildConfigurationList = 18FB3B8A1C80507000017D1E /* Build configuration list for PBXNativeTarget "RemoteControl" */;
			buildPhases = (
				18FB3B741C80507000017D1E /* Sources */,
				18FB3B751C80507000017D1E /* Frameworks */,
				18FB3B761C80507000017D1E /* Resources */,
				183CCD3B1CA35E0B00FB171D /* Embed Frameworks */,
			);
			buildRules = (
			);
			dependencies = (
			);
			name = RemoteControl;
			productName = "gob-swift-eval";
			productReference = 18FB3B781C80507000017D1E /* RemoteControl.app */;
			productType = "com.apple.product-type.application";
		};
/* End PBXNativeTarget section */

/* Begin PBXProject section */
		18FB3B701C80507000017D1E /* Project object */ = {
			isa = PBXProject;
			attributes = {
				LastSwiftUpdateCheck = 0720;
				LastUpgradeCheck = 0720;
				ORGANIZATIONNAME = "Etienne De Ladonchamps";
				TargetAttributes = {
					18FB3B771C80507000017D1E = {
						CreatedOnToolsVersion = 7.2.1;
						DevelopmentTeam = U953397FRU;
					};
				};
			};
			buildConfigurationList = 18FB3B731C80507000017D1E /* Build configuration list for PBXProject "RemoteControl" */;
			compatibilityVersion = "Xcode 3.2";
			developmentRegion = English;
			hasScannedForEncodings = 0;
			knownRegions = (
				en,
				Base,
			);
			mainGroup = 18FB3B6F1C80507000017D1E;
			productRefGroup = 18FB3B791C80507000017D1E /* Products */;
			projectDirPath = "";
			projectRoot = "";
			targets = (
				18FB3B771C80507000017D1E /* RemoteControl */,
			);
		};
/* End PBXProject section */

/* Begin PBXResourcesBuildPhase section */
		18FB3B761C80507000017D1E /* Resources */ = {
			isa = PBXResourcesBuildPhase;
			buildActionMask = 2147483647;
			files = (
				18FB3B861C80507000017D1E /* LaunchScreen.storyboard in Resources */,
				18FB3B831C80507000017D1E /* Assets.xcassets in Resources */,
				18FB3B811C80507000017D1E /* Main.storyboard in Resources */,
				66A1617D1CEB3DAC0003C038 /* loginBackground.png in Resources */,
			);
			runOnlyForDeploymentPostprocessing = 0;
		};
/* End PBXResourcesBuildPhase section */

/* Begin PBXSourcesBuildPhase section */
		18FB3B741C80507000017D1E /* Sources */ = {
			isa = PBXSourcesBuildPhase;
			buildActionMask = 2147483647;
			files = (
				183CCD3D1CA3F4BB00FB171D /* SocketSingleton.swift in Sources */,
				66A1617B1CEB38B60003C038 /* LoginController.swift in Sources */,
				66E417181CA182A2004A9ADD /* Pedometer.swift in Sources */,
				18FB3B7E1C80507000017D1E /* ViewController.swift in Sources */,
				18FB3B8E1C80AA4F00017D1E /* CustomLocationManager.swift in Sources */,
				18FB3B7C1C80507000017D1E /* AppDelegate.swift in Sources */,
			);
			runOnlyForDeploymentPostprocessing = 0;
		};
/* End PBXSourcesBuildPhase section */

/* Begin PBXVariantGroup section */
		18FB3B7F1C80507000017D1E /* Main.storyboard */ = {
			isa = PBXVariantGroup;
			children = (
				18FB3B801C80507000017D1E /* Base */,
			);
			name = Main.storyboard;
			sourceTree = "<group>";
		};
		18FB3B841C80507000017D1E /* LaunchScreen.storyboard */ = {
			isa = PBXVariantGroup;
			children = (
				18FB3B851C80507000017D1E /* Base */,
			);
			name = LaunchScreen.storyboard;
			sourceTree = "<group>";
		};
/* End PBXVariantGroup section */

/* Begin XCBuildConfiguration section */
		18FB3B881C80507000017D1E /* Debug */ = {
			isa = XCBuildConfiguration;
			buildSettings = {
				ALWAYS_SEARCH_USER_PATHS = NO;
				CLANG_CXX_LANGUAGE_STANDARD = "gnu++0x";
				CLANG_CXX_LIBRARY = "libc++";
				CLANG_ENABLE_MODULES = YES;
				CLANG_ENABLE_OBJC_ARC = YES;
				CLANG_WARN_BOOL_CONVERSION = YES;
				CLANG_WARN_CONSTANT_CONVERSION = YES;
				CLANG_WARN_DIRECT_OBJC_ISA_USAGE = YES_ERROR;
				CLANG_WARN_EMPTY_BODY = YES;
				CLANG_WARN_ENUM_CONVERSION = YES;
				CLANG_WARN_INT_CONVERSION = YES;
				CLANG_WARN_OBJC_ROOT_CLASS = YES_ERROR;
				CLANG_WARN_UNREACHABLE_CODE = YES;
				CLANG_WARN__DUPLICATE_METHOD_MATCH = YES;
				"CODE_SIGN_IDENTITY[sdk=iphoneos*]" = "iPhone Developer";
				COPY_PHASE_STRIP = NO;
				DEBUG_INFORMATION_FORMAT = dwarf;
				ENABLE_STRICT_OBJC_MSGSEND = YES;
				ENABLE_TESTABILITY = YES;
				GCC_C_LANGUAGE_STANDARD = gnu99;
				GCC_DYNAMIC_NO_PIC = NO;
				GCC_NO_COMMON_BLOCKS = YES;
				GCC_OPTIMIZATION_LEVEL = 0;
				GCC_PREPROCESSOR_DEFINITIONS = (
					"DEBUG=1",
					"$(inherited)",
				);
				GCC_WARN_64_TO_32_BIT_CONVERSION = YES;
				GCC_WARN_ABOUT_RETURN_TYPE = YES_ERROR;
				GCC_WARN_UNDECLARED_SELECTOR = YES;
				GCC_WARN_UNINITIALIZED_AUTOS = YES_AGGRESSIVE;
				GCC_WARN_UNUSED_FUNCTION = YES;
				GCC_WARN_UNUSED_VARIABLE = YES;
				IPHONEOS_DEPLOYMENT_TARGET = 9.2;
				MTL_ENABLE_DEBUG_INFO = YES;
				ONLY_ACTIVE_ARCH = YES;
				SDKROOT = iphoneos;
				SWIFT_OPTIMIZATION_LEVEL = "-Onone";
			};
			name = Debug;
		};
		18FB3B891C80507000017D1E /* Release */ = {
			isa = XCBuildConfiguration;
			buildSettings = {
				ALWAYS_SEARCH_USER_PATHS = NO;
				CLANG_CXX_LANGUAGE_STANDARD = "gnu++0x";
				CLANG_CXX_LIBRARY = "libc++";
				CLANG_ENABLE_MODULES = YES;
				CLANG_ENABLE_OBJC_ARC = YES;
				CLANG_WARN_BOOL_CONVERSION = YES;
				CLANG_WARN_CONSTANT_CONVERSION = YES;
				CLANG_WARN_DIRECT_OBJC_ISA_USAGE = YES_ERROR;
				CLANG_WARN_EMPTY_BODY = YES;
				CLANG_WARN_ENUM_CONVERSION = YES;
				CLANG_WARN_INT_CONVERSION = YES;
				CLANG_WARN_OBJC_ROOT_CLASS = YES_ERROR;
				CLANG_WARN_UNREACHABLE_CODE = YES;
				CLANG_WARN__DUPLICATE_METHOD_MATCH = YES;
				"CODE_SIGN_IDENTITY[sdk=iphoneos*]" = "iPhone Developer";
				COPY_PHASE_STRIP = NO;
				DEBUG_INFORMATION_FORMAT = "dwarf-with-dsym";
				ENABLE_NS_ASSERTIONS = NO;
				ENABLE_STRICT_OBJC_MSGSEND = YES;
				GCC_C_LANGUAGE_STANDARD = gnu99;
				GCC_NO_COMMON_BLOCKS = YES;
				GCC_WARN_64_TO_32_BIT_CONVERSION = YES;
				GCC_WARN_ABOUT_RETURN_TYPE = YES_ERROR;
				GCC_WARN_UNDECLARED_SELECTOR = YES;
				GCC_WARN_UNINITIALIZED_AUTOS = YES_AGGRESSIVE;
				GCC_WARN_UNUSED_FUNCTION = YES;
				GCC_WARN_UNUSED_VARIABLE = YES;
				IPHONEOS_DEPLOYMENT_TARGET = 9.2;
				MTL_ENABLE_DEBUG_INFO = NO;
				SDKROOT = iphoneos;
				VALIDATE_PRODUCT = YES;
			};
			name = Release;
		};
		18FB3B8B1C80507000017D1E /* Debug */ = {
			isa = XCBuildConfiguration;
			buildSettings = {
				ASSETCATALOG_COMPILER_APPICON_NAME = AppIcon;
				FRAMEWORK_SEARCH_PATHS = (
					"$(inherited)",
					"$(PROJECT_DIR)/Carthage/Build/iOS",
				);
				INFOPLIST_FILE = "gob-swift-eval/Info.plist";
				LD_RUNPATH_SEARCH_PATHS = "$(inherited) @executable_path/Frameworks";
				PRODUCT_BUNDLE_IDENTIFIER = "com.deladonchamps.gob-swift-eval";
				PRODUCT_NAME = RemoteControl;
			};
			name = Debug;
		};
		18FB3B8C1C80507000017D1E /* Release */ = {
			isa = XCBuildConfiguration;
			buildSettings = {
				ASSETCATALOG_COMPILER_APPICON_NAME = AppIcon;
				FRAMEWORK_SEARCH_PATHS = (
					"$(inherited)",
					"$(PROJECT_DIR)/Carthage/Build/iOS",
				);
				INFOPLIST_FILE = "gob-swift-eval/Info.plist";
				LD_RUNPATH_SEARCH_PATHS = "$(inherited) @executable_path/Frameworks";
				PRODUCT_BUNDLE_IDENTIFIER = "com.deladonchamps.gob-swift-eval";
				PRODUCT_NAME = RemoteControl;
			};
			name = Release;
		};
/* End XCBuildConfiguration section */

/* Begin XCConfigurationList section */
		18FB3B731C80507000017D1E /* Build configuration list for PBXProject "RemoteControl" */ = {
			isa = XCConfigurationList;
			buildConfigurations = (
				18FB3B881C80507000017D1E /* Debug */,
				18FB3B891C80507000017D1E /* Release */,
			);
			defaultConfigurationIsVisible = 0;
			defaultConfigurationName = Release;
		};
		18FB3B8A1C80507000017D1E /* Build configuration list for PBXNativeTarget "RemoteControl" */ = {
			isa = XCConfigurationList;
			buildConfigurations = (
				18FB3B8B1C80507000017D1E /* Debug */,
				18FB3B8C1C80507000017D1E /* Release */,
			);
			defaultConfigurationIsVisible = 0;
			defaultConfigurationName = Release;
		};
/* End XCConfigurationList section */
	};
	rootObject = 18FB3B701C80507000017D1E /* Project object */;
}
